{
  "name": "counter",
  "version": "1.0.0",
  "lockfileVersion": 3,
  "requires": true,
  "packages": {
    "": {
      "name": "counter",
      "version": "1.0.0",
      "license": "ISC",
      "dependencies": {
        "@deskulpt-test/apis": "^0.0.13",
        "@deskulpt-test/react": "^0.0.4"
      }
    },
    "node_modules/@deskulpt-test/apis": {
      "version": "0.0.13",
      "resolved": "https://registry.npmjs.org/@deskulpt-test/apis/-/apis-0.0.13.tgz",
      "integrity": "sha512-0wsoUb7CXWMZ35fWDqzSeer80pElqHnZ4GUDNYaqhDaBd/IdvMpFhgJ59X6myIncR7MvtIWR6ANZ9G+EH6zOfw==",
      "dependencies": {
        "@tauri-apps/api": "^2.0.0-beta.11"
      }
    },
    "node_modules/@deskulpt-test/react": {
      "version": "0.0.4",
      "resolved": "https://registry.npmjs.org/@deskulpt-test/react/-/react-0.0.4.tgz",
      "integrity": "sha512-RLdE0VBNMeKXQWzLRn0a5hW2BDTo7uz98t1VS5rv9rE+PH/XURL0N0DTsLO0otJ4Y9vJBA/GeUvpELCBCtWTZQ==",
      "dependencies": {
        "@types/react": "^18.2.79",
        "react": "^18.2.0"
      }
    },
    "node_modules/@tauri-apps/api": {
      "version": "2.0.0-rc.5",
      "resolved": "https://registry.npmjs.org/@tauri-apps/api/-/api-2.0.0-rc.5.tgz",
      "integrity": "sha512-JWs69pE9NsQdcqTpEVBepAZ08+jgQWuthIiTiaWRq/YlCLgnqq0KfC9sDem55uJ0YpgsytZuyj+m6b6q8oiD2g==",
      "funding": {
        "type": "opencollective",
        "url": "https://opencollective.com/tauri"
      }
    },
    "node_modules/@types/prop-types": {
      "version": "15.7.12",
      "resolved": "https://registry.npmjs.org/@types/prop-types/-/prop-types-15.7.12.tgz",
      "integrity": "sha512-5zvhXYtRNRluoE/jAp4GVsSduVUzNWKkOZrCDBWYtE7biZywwdC2AcEzg+cSMLFRfVgeAFqpfNabiPjxFddV1Q=="
    },
    "node_modules/@types/react": {
      "version": "18.3.1",
      "resolved": "https://registry.npmjs.org/@types/react/-/react-18.3.1.tgz",
      "integrity": "sha512-V0kuGBX3+prX+DQ/7r2qsv1NsdfnCLnTgnRJ1pYnxykBhGMz+qj+box5lq7XsO5mtZsBqpjwwTu/7wszPfMBcw==",
      "dependencies": {
        "@types/prop-types": "*",
        "csstype": "^3.0.2"
      }
    },
    "node_modules/csstype": {
      "version": "3.1.3",
      "resolved": "https://registry.npmjs.org/csstype/-/csstype-3.1.3.tgz",
      "integrity": "sha512-M1uQkMl8rQK/szD0LNhtqxIPLpimGm8sOBwU7lLnCpSbTyY3yeU1Vc7l4KT5zT4s/yOxHH5O7tIuuLOCnLADRw=="
    },
    "node_modules/js-tokens": {
      "version": "4.0.0",
      "resolved": "https://registry.npmjs.org/js-tokens/-/js-tokens-4.0.0.tgz",
      "integrity": "sha512-RdJUflcE3cUzKiMqQgsCu06FPu9UdIJO0beYbPhHN4k6apgJtifcoCtT9bcxOpYBtpD2kCM6Sbzg4CausW/PKQ=="
    },
    "node_modules/loose-envify": {
      "version": "1.4.0",
      "resolved": "https://registry.npmjs.org/loose-envify/-/loose-envify-1.4.0.tgz",
      "integrity": "sha512-lyuxPGr/Wfhrlem2CL/UcnUc1zcqKAImBDzukY7Y5F/yQiNdko6+fRLevlw1HgMySw7f611UIY408EtxRSoK3Q==",
      "dependencies": {
        "js-tokens": "^3.0.0 || ^4.0.0"
      },
      "bin": {
        "loose-envify": "cli.js"
      }
    },
    "node_modules/react": {
      "version": "18.3.1",
      "resolved": "https://registry.npmjs.org/react/-/react-18.3.1.tgz",
      "integrity": "sha512-wS+hAgJShR0KhEvPJArfuPVN1+Hz1t0Y6n5jLrGQbkb4urgPE/0Rve+1kMB1v/oWgHgm4WIcV+i7F2pTVj+2iQ==",
      "dependencies": {
        "loose-envify": "^1.1.0"
      },
      "engines": {
        "node": ">=0.10.0"
      }
    }
  }
}
